
Microsoft Visual Studio Solution File, Format Version 12.00
# Visual Studio Version 17
VisualStudioVersion = 17.0.31903.59
MinimumVisualStudioVersion = 10.0.40219.1
Project("{2150E333-8FDC-42A3-9474-1A3956D46DE8}") = "src", "src", "{133E1C92-590D-41BA-A53F-801F2D8B552E}"
	
EndProject
Project("{2150E333-8FDC-42A3-9474-1A3956D46DE8}") = "test", "test", "{4CA75A26-D431-4703-BF1E-665A035A650A}"
EndProject
Project("{FAE04EC0-301F-11D3-BF4B-00C04F79EFBC}") = "Testiny.Client", "src\Testiny.Client\Testiny.Client.csproj", "{D866CC2E-7A75-42FA-A567-FE074AA4028B}"
EndProject
Project("{FAE04EC0-301F-11D3-BF4B-00C04F79EFBC}") = "TestinyClient.Tests", "test\TestinyClient.Tests\TestinyClient.Tests.csproj", "{8C116368-BFC6-4A5B-A622-81D56DF2E5C5}"
EndProject
Project("{FAE04EC0-301F-11D3-BF4B-00C04F79EFBC}") = "TestAnalyzer.Api", "src\TestAnalyzer.Api\TestAnalyzer.Api.csproj", "{EB8504FC-BD14-4B7A-8CBC-26B88377FFEA}"
EndProject
Global
	GlobalSection(SolutionConfigurationPlatforms) = preSolution
		Debug|Any CPU = Debug|Any CPU
		Release|Any CPU = Release|Any CPU
	EndGlobalSection
	GlobalSection(SolutionProperties) = preSolution
		HideSolutionNode = FALSE
	EndGlobalSection
	GlobalSection(NestedProjects) = preSolution
		{D866CC2E-7A75-42FA-A567-FE074AA4028B} = {133E1C92-590D-41BA-A53F-801F2D8B552E}
		{8C116368-BFC6-4A5B-A622-81D56DF2E5C5} = {4CA75A26-D431-4703-BF1E-665A035A650A}
		{EB8504FC-BD14-4B7A-8CBC-26B88377FFEA} = {133E1C92-590D-41BA-A53F-801F2D8B552E}
	EndGlobalSection
	GlobalSection(ProjectConfigurationPlatforms) = postSolution
		{D866CC2E-7A75-42FA-A567-FE074AA4028B}.Debug|Any CPU.ActiveCfg = Debug|Any CPU
		{D866CC2E-7A75-42FA-A567-FE074AA4028B}.Debug|Any CPU.Build.0 = Debug|Any CPU
		{D866CC2E-7A75-42FA-A567-FE074AA4028B}.Release|Any CPU.ActiveCfg = Release|Any CPU
		{D866CC2E-7A75-42FA-A567-FE074AA4028B}.Release|Any CPU.Build.0 = Release|Any CPU
		{8C116368-BFC6-4A5B-A622-81D56DF2E5C5}.Debug|Any CPU.ActiveCfg = Debug|Any CPU
		{8C116368-BFC6-4A5B-A622-81D56DF2E5C5}.Debug|Any CPU.Build.0 = Debug|Any CPU
		{8C116368-BFC6-4A5B-A622-81D56DF2E5C5}.Release|Any CPU.ActiveCfg = Release|Any CPU
		{8C116368-BFC6-4A5B-A622-81D56DF2E5C5}.Release|Any CPU.Build.0 = Release|Any CPU
		{EB8504FC-BD14-4B7A-8CBC-26B88377FFEA}.Debug|Any CPU.ActiveCfg = Debug|Any CPU
		{EB8504FC-BD14-4B7A-8CBC-26B88377FFEA}.Debug|Any CPU.Build.0 = Debug|Any CPU
		{EB8504FC-BD14-4B7A-8CBC-26B88377FFEA}.Release|Any CPU.ActiveCfg = Release|Any CPU
		{EB8504FC-BD14-4B7A-8CBC-26B88377FFEA}.Release|Any CPU.Build.0 = Release|Any CPU
	EndGlobalSection
EndGlobal
